
Microsoft Visual Studio Solution File, Format Version 12.00
# Visual Studio Version 16
VisualStudioVersion = 16.0.31624.102
MinimumVisualStudioVersion = 10.0.40219.1
Project("{FAE04EC0-301F-11D3-BF4B-00C04F79EFBC}") = "Dreamron_College", "Dreamron_College.csproj", "{F340A69C-E270-422A-B058-1516EFB6CF00}"
EndProject
Global
	GlobalSection(SolutionConfigurationPlatforms) = preSolution
		Debug|Any CPU = Debug|Any CPU
		Release|Any CPU = Release|Any CPU
	EndGlobalSection
	GlobalSection(ProjectConfigurationPlatforms) = postSolution
		{F340A69C-E270-422A-B058-1516EFB6CF00}.Debug|Any CPU.ActiveCfg = Debug|Any CPU
		{F340A69C-E270-422A-B058-1516EFB6CF00}.Debug|Any CPU.Build.0 = Debug|Any CPU
		{F340A69C-E270-422A-B058-1516EFB6CF00}.Release|Any CPU.ActiveCfg = Release|Any CPU
		{F340A69C-E270-422A-B058-1516EFB6CF00}.Release|Any CPU.Build.0 = Release|Any CPU
	EndGlobalSection
	GlobalSection(SolutionProperties) = preSolution
		HideSolutionNode = FALSE
	EndGlobalSection
	GlobalSection(ExtensibilityGlobals) = postSolution
		SolutionGuid = {5FB3AD46-4FEB-4DCD-BE26-30D7E4B55B76}
	EndGlobalSection
EndGlobal
